// !$*UTF8*$!
{
	archiveVersion = 1;
	classes = {
	};
	objectVersion = 77;
	objects = {

/* Begin PBXBuildFile section */
		26491CBA2CD596A70042D763 /* Preview Assets.xcassets in Resources */ = {isa = PBXBuildFile; fileRef = 26491CB42CD596A70042D763 /* Preview Assets.xcassets */; };
		26491CBB2CD596A70042D763 /* Assets.xcassets in Resources */ = {isa = PBXBuildFile; fileRef = 26491CB62CD596A70042D763 /* Assets.xcassets */; };
		26491CBC2CD596A70042D763 /* MainView.swift in Sources */ = {isa = PBXBuildFile; fileRef = 26491CB72CD596A70042D763 /* MainView.swift */; };
		26491CBD2CD596A70042D763 /* CryptoLiveDataSwiftUIApp.swift in Sources */ = {isa = PBXBuildFile; fileRef = 26491CB82CD596A70042D763 /* CryptoLiveDataSwiftUIApp.swift */; };
		26491CC32CD597B50042D763 /* CryptoCurrency.swift in Sources */ = {isa = PBXBuildFile; fileRef = 26491CC22CD597B50042D763 /* CryptoCurrency.swift */; };
		26491CC52CD59AC50042D763 /* Webservice.swift in Sources */ = {isa = PBXBuildFile; fileRef = 26491CC42CD59AC50042D763 /* Webservice.swift */; };
		26491CC72CD59F2E0042D763 /* CryptoViewModel.swift in Sources */ = {isa = PBXBuildFile; fileRef = 26491CC62CD59F2E0042D763 /* CryptoViewModel.swift */; };
/* End PBXBuildFile section */

/* Begin PBXFileReference section */
		26491CA32CD5959D0042D763 /* CryptoLiveDataSwiftUI.app */ = {isa = PBXFileReference; explicitFileType = wrapper.application; includeInIndex = 0; path = CryptoLiveDataSwiftUI.app; sourceTree = BUILT_PRODUCTS_DIR; };
		26491CB42CD596A70042D763 /* Preview Assets.xcassets */ = {isa = PBXFileReference; lastKnownFileType = folder.assetcatalog; path = "Preview Assets.xcassets"; sourceTree = "<group>"; };
		26491CB62CD596A70042D763 /* Assets.xcassets */ = {isa = PBXFileReference; lastKnownFileType = folder.assetcatalog; path = Assets.xcassets; sourceTree = "<group>"; };
		26491CB72CD596A70042D763 /* MainView.swift */ = {isa = PBXFileReference; lastKnownFileType = sourcecode.swift; path = MainView.swift; sourceTree = "<group>"; };
		26491CB82CD596A70042D763 /* CryptoLiveDataSwiftUIApp.swift */ = {isa = PBXFileReference; lastKnownFileType = sourcecode.swift; path = CryptoLiveDataSwiftUIApp.swift; sourceTree = "<group>"; };
		26491CC22CD597B50042D763 /* CryptoCurrency.swift */ = {isa = PBXFileReference; lastKnownFileType = sourcecode.swift; path = CryptoCurrency.swift; sourceTree = "<group>"; };
		26491CC42CD59AC50042D763 /* Webservice.swift */ = {isa = PBXFileReference; lastKnownFileType = sourcecode.swift; path = Webservice.swift; sourceTree = "<group>"; };
		26491CC62CD59F2E0042D763 /* CryptoViewModel.swift */ = {isa = PBXFileReference; lastKnownFileType = sourcecode.swift; path = CryptoViewModel.swift; sourceTree = "<group>"; };
/* End PBXFileReference section */

/* Begin PBXFrameworksBuildPhase section */
		26491CA02CD5959D0042D763 /* Frameworks */ = {
			isa = PBXFrameworksBuildPhase;
			buildActionMask = 2147483647;
			files = (
			);
			runOnlyForDeploymentPostprocessing = 0;
		};
/* End PBXFrameworksBuildPhase section */

/* Begin PBXGroup section */
		26491C9A2CD5959D0042D763 = {
			isa = PBXGroup;
			children = (
				26491CB92CD596A70042D763 /* CryptoLiveDataSwiftUI */,
				26491CB62CD596A70042D763 /* Assets.xcassets */,
				26491CA42CD5959D0042D763 /* Products */,
			);
			sourceTree = "<group>";
		};
		26491CA42CD5959D0042D763 /* Products */ = {
			isa = PBXGroup;
			children = (
				26491CA32CD5959D0042D763 /* CryptoLiveDataSwiftUI.app */,
			);
			name = Products;
			sourceTree = "<group>";
		};
		26491CB52CD596A70042D763 /* Preview Content */ = {
			isa = PBXGroup;
			children = (
				26491CB42CD596A70042D763 /* Preview Assets.xcassets */,
			);
			path = "Preview Content";
			sourceTree = "<group>";
		};
		26491CB92CD596A70042D763 /* CryptoLiveDataSwiftUI */ = {
			isa = PBXGroup;
			children = (
				26491CBE2CD596AC0042D763 /* Model */,
				26491CC12CD596C40042D763 /* Service */,
				26491CC02CD596B70042D763 /* ViewModel */,
				26491CBF2CD596B10042D763 /* View */,
				26491CB52CD596A70042D763 /* Preview Content */,
				26491CB82CD596A70042D763 /* CryptoLiveDataSwiftUIApp.swift */,
			);
			path = CryptoLiveDataSwiftUI;
			sourceTree = "<group>";
		};
		26491CBE2CD596AC0042D763 /* Model */ = {
			isa = PBXGroup;
			children = (
				26491CC22CD597B50042D763 /* CryptoCurrency.swift */,
			);
			path = Model;
			sourceTree = "<group>";
		};
		26491CBF2CD596B10042D763 /* View */ = {
			isa = PBXGroup;
			children = (
				26491CB72CD596A70042D763 /* MainView.swift */,
			);
			path = View;
			sourceTree = "<group>";
		};
		26491CC02CD596B70042D763 /* ViewModel */ = {
			isa = PBXGroup;
			children = (
				26491CC62CD59F2E0042D763 /* CryptoViewModel.swift */,
			);
			path = ViewModel;
			sourceTree = "<group>";
		};
		26491CC12CD596C40042D763 /* Service */ = {
			isa = PBXGroup;
			children = (
				26491CC42CD59AC50042D763 /* Webservice.swift */,
			);
			path = Service;
			sourceTree = "<group>";
		};
/* End PBXGroup section */

/* Begin PBXNativeTarget section */
		26491CA22CD5959D0042D763 /* CryptoLiveDataSwiftUI */ = {
			isa = PBXNativeTarget;
			buildConfigurationList = 26491CB12CD5959E0042D763 /* Build configuration list for PBXNativeTarget "CryptoLiveDataSwiftUI" */;
			buildPhases = (
				26491C9F2CD5959D0042D763 /* Sources */,
				26491CA02CD5959D0042D763 /* Frameworks */,
				26491CA12CD5959D0042D763 /* Resources */,
			);
			buildRules = (
			);
			dependencies = (
			);
			name = CryptoLiveDataSwiftUI;
			packageProductDependencies = (
			);
			productName = CryptoLiveDataSwiftUI;
			productReference = 26491CA32CD5959D0042D763 /* CryptoLiveDataSwiftUI.app */;
			productType = "com.apple.product-type.application";
		};
/* End PBXNativeTarget section */

/* Begin PBXProject section */
		26491C9B2CD5959D0042D763 /* Project object */ = {
			isa = PBXProject;
			attributes = {
				BuildIndependentTargetsInParallel = 1;
				LastSwiftUpdateCheck = 1600;
				LastUpgradeCheck = 1600;
				TargetAttributes = {
					26491CA22CD5959D0042D763 = {
						CreatedOnToolsVersion = 16.0;
					};
				};
			};
			buildConfigurationList = 26491C9E2CD5959D0042D763 /* Build configuration list for PBXProject "CryptoLiveDataSwiftUI" */;
			developmentRegion = en;
			hasScannedForEncodings = 0;
			knownRegions = (
				en,
				Base,
			);
			mainGroup = 26491C9A2CD5959D0042D763;
			minimizedProjectReferenceProxies = 1;
			preferredProjectObjectVersion = 77;
			productRefGroup = 26491CA42CD5959D0042D763 /* Products */;
			projectDirPath = "";
			projectRoot = "";
			targets = (
				26491CA22CD5959D0042D763 /* CryptoLiveDataSwiftUI */,
			);
		};
/* End PBXProject section */

/* Begin PBXResourcesBuildPhase section */
		26491CA12CD5959D0042D763 /* Resources */ = {
			isa = PBXResourcesBuildPhase;
			buildActionMask = 2147483647;
			files = (
				26491CBA2CD596A70042D763 /* Preview Assets.xcassets in Resources */,
				26491CBB2CD596A70042D763 /* Assets.xcassets in Resources */,
			);
			runOnlyForDeploymentPostprocessing = 0;
		};
/* End PBXResourcesBuildPhase section */

/* Begin PBXSourcesBuildPhase section */
		26491C9F2CD5959D0042D763 /* Sources */ = {
			isa = PBXSourcesBuildPhase;
			buildActionMask = 2147483647;
			files = (
				26491CBC2CD596A70042D763 /* MainView.swift in Sources */,
				26491CC32CD597B50042D763 /* CryptoCurrency.swift in Sources */,
				26491CC52CD59AC50042D763 /* Webservice.swift in Sources */,
				26491CBD2CD596A70042D763 /* CryptoLiveDataSwiftUIApp.swift in Sources */,
				26491CC72CD59F2E0042D763 /* CryptoViewModel.swift in Sources */,
			);
			runOnlyForDeploymentPostprocessing = 0;
		};
/* End PBXSourcesBuildPhase section */

/* Begin XCBuildConfiguration section */
		26491CAF2CD5959E0042D763 /* Debug */ = {
			isa = XCBuildConfiguration;
			buildSettings = {
				ALWAYS_SEARCH_USER_PATHS = NO;
				ASSETCATALOG_COMPILER_GENERATE_SWIFT_ASSET_SYMBOL_EXTENSIONS = YES;
				CLANG_ANALYZER_NONNULL = YES;
				CLANG_ANALYZER_NUMBER_OBJECT_CONVERSION = YES_AGGRESSIVE;
				CLANG_CXX_LANGUAGE_STANDARD = "gnu++20";
				CLANG_ENABLE_MODULES = YES;
				CLANG_ENABLE_OBJC_ARC = YES;
				CLANG_ENABLE_OBJC_WEAK = YES;
				CLANG_WARN_BLOCK_CAPTURE_AUTORELEASING = YES;
				CLANG_WARN_BOOL_CONVERSION = YES;
				CLANG_WARN_COMMA = YES;
				CLANG_WARN_CONSTANT_CONVERSION = YES;
				CLANG_WARN_DEPRECATED_OBJC_IMPLEMENTATIONS = YES;
				CLANG_WARN_DIRECT_OBJC_ISA_USAGE = YES_ERROR;
				CLANG_WARN_DOCUMENTATION_COMMENTS = YES;
				CLANG_WARN_EMPTY_BODY = YES;
				CLANG_WARN_ENUM_CONVERSION = YES;
				CLANG_WARN_INFINITE_RECURSION = YES;
				CLANG_WARN_INT_CONVERSION = YES;
				CLANG_WARN_NON_LITERAL_NULL_CONVERSION = YES;
				CLANG_WARN_OBJC_IMPLICIT_RETAIN_SELF = YES;
				CLANG_WARN_OBJC_LITERAL_CONVERSION = YES;
				CLANG_WARN_OBJC_ROOT_CLASS = YES_ERROR;
				CLANG_WARN_QUOTED_INCLUDE_IN_FRAMEWORK_HEADER = YES;
				CLANG_WARN_RANGE_LOOP_ANALYSIS = YES;
				CLANG_WARN_STRICT_PROTOTYPES = YES;
				CLANG_WARN_SUSPICIOUS_MOVE = YES;
				CLANG_WARN_UNGUARDED_AVAILABILITY = YES_AGGRESSIVE;
				CLANG_WARN_UNREACHABLE_CODE = YES;
				CLANG_WARN__DUPLICATE_METHOD_MATCH = YES;
				COPY_PHASE_STRIP = NO;
				DEBUG_INFORMATION_FORMAT = dwarf;
				ENABLE_STRICT_OBJC_MSGSEND = YES;
				ENABLE_TESTABILITY = YES;
				ENABLE_USER_SCRIPT_SANDBOXING = YES;
				GCC_C_LANGUAGE_STANDARD = gnu17;
				GCC_DYNAMIC_NO_PIC = NO;
				GCC_NO_COMMON_BLOCKS = YES;
				GCC_OPTIMIZATION_LEVEL = 0;
				GCC_PREPROCESSOR_DEFINITIONS = (
					"DEBUG=1",
					"$(inherited)",
				);
				GCC_WARN_64_TO_32_BIT_CONVERSION = YES;
				GCC_WARN_ABOUT_RETURN_TYPE = YES_ERROR;
				GCC_WARN_UNDECLARED_SELECTOR = YES;
				GCC_WARN_UNINITIALIZED_AUTOS = YES_AGGRESSIVE;
				GCC_WARN_UNUSED_FUNCTION = YES;
				GCC_WARN_UNUSED_VARIABLE = YES;
				IPHONEOS_DEPLOYMENT_TARGET = 18.0;
				LOCALIZATION_PREFERS_STRING_CATALOGS = YES;
				MTL_ENABLE_DEBUG_INFO = INCLUDE_SOURCE;
				MTL_FAST_MATH = YES;
				ONLY_ACTIVE_ARCH = YES;
				SDKROOT = iphoneos;
				SWIFT_ACTIVE_COMPILATION_CONDITIONS = "DEBUG $(inherited)";
				SWIFT_OPTIMIZATION_LEVEL = "-Onone";
			};
			name = Debug;
		};
		26491CB02CD5959E0042D763 /* Release */ = {
			isa = XCBuildConfiguration;
			buildSettings = {
				ALWAYS_SEARCH_USER_PATHS = NO;
				ASSETCATALOG_COMPILER_GENERATE_SWIFT_ASSET_SYMBOL_EXTENSIONS = YES;
				CLANG_ANALYZER_NONNULL = YES;
				CLANG_ANALYZER_NUMBER_OBJECT_CONVERSION = YES_AGGRESSIVE;
				CLANG_CXX_LANGUAGE_STANDARD = "gnu++20";
				CLANG_ENABLE_MODULES = YES;
				CLANG_ENABLE_OBJC_ARC = YES;
				CLANG_ENABLE_OBJC_WEAK = YES;
				CLANG_WARN_BLOCK_CAPTURE_AUTORELEASING = YES;
				CLANG_WARN_BOOL_CONVERSION = YES;
				CLANG_WARN_COMMA = YES;
				CLANG_WARN_CONSTANT_CONVERSION = YES;
				CLANG_WARN_DEPRECATED_OBJC_IMPLEMENTATIONS = YES;
				CLANG_WARN_DIRECT_OBJC_ISA_USAGE = YES_ERROR;
				CLANG_WARN_DOCUMENTATION_COMMENTS = YES;
				CLANG_WARN_EMPTY_BODY = YES;
				CLANG_WARN_ENUM_CONVERSION = YES;
				CLANG_WARN_INFINITE_RECURSION = YES;
				CLANG_WARN_INT_CONVERSION = YES;
				CLANG_WARN_NON_LITERAL_NULL_CONVERSION = YES;
				CLANG_WARN_OBJC_IMPLICIT_RETAIN_SELF = YES;
				CLANG_WARN_OBJC_LITERAL_CONVERSION = YES;
				CLANG_WARN_OBJC_ROOT_CLASS = YES_ERROR;
				CLANG_WARN_QUOTED_INCLUDE_IN_FRAMEWORK_HEADER = YES;
				CLANG_WARN_RANGE_LOOP_ANALYSIS = YES;
				CLANG_WARN_STRICT_PROTOTYPES = YES;
				CLANG_WARN_SUSPICIOUS_MOVE = YES;
				CLANG_WARN_UNGUARDED_AVAILABILITY = YES_AGGRESSIVE;
				CLANG_WARN_UNREACHABLE_CODE = YES;
				CLANG_WARN__DUPLICATE_METHOD_MATCH = YES;
				COPY_PHASE_STRIP = NO;
				DEBUG_INFORMATION_FORMAT = "dwarf-with-dsym";
				ENABLE_NS_ASSERTIONS = NO;
				ENABLE_STRICT_OBJC_MSGSEND = YES;
				ENABLE_USER_SCRIPT_SANDBOXING = YES;
				GCC_C_LANGUAGE_STANDARD = gnu17;
				GCC_NO_COMMON_BLOCKS = YES;
				GCC_WARN_64_TO_32_BIT_CONVERSION = YES;
				GCC_WARN_ABOUT_RETURN_TYPE = YES_ERROR;
				GCC_WARN_UNDECLARED_SELECTOR = YES;
				GCC_WARN_UNINITIALIZED_AUTOS = YES_AGGRESSIVE;
				GCC_WARN_UNUSED_FUNCTION = YES;
				GCC_WARN_UNUSED_VARIABLE = YES;
				IPHONEOS_DEPLOYMENT_TARGET = 18.0;
				LOCALIZATION_PREFERS_STRING_CATALOGS = YES;
				MTL_ENABLE_DEBUG_INFO = NO;
				MTL_FAST_MATH = YES;
				SDKROOT = iphoneos;
				SWIFT_COMPILATION_MODE = wholemodule;
				VALIDATE_PRODUCT = YES;
			};
			name = Release;
		};
		26491CB22CD5959E0042D763 /* Debug */ = {
			isa = XCBuildConfiguration;
			buildSettings = {
				ASSETCATALOG_COMPILER_APPICON_NAME = AppIcon;
				ASSETCATALOG_COMPILER_GLOBAL_ACCENT_COLOR_NAME = AccentColor;
				CODE_SIGN_STYLE = Automatic;
				CURRENT_PROJECT_VERSION = 1;
				DEVELOPMENT_ASSET_PATHS = "\"CryptoLiveDataSwiftUI/Preview Content\"";
				DEVELOPMENT_TEAM = 5SALT5UTL2;
				ENABLE_PREVIEWS = YES;
				GENERATE_INFOPLIST_FILE = YES;
				INFOPLIST_KEY_UIApplicationSceneManifest_Generation = YES;
				INFOPLIST_KEY_UIApplicationSupportsIndirectInputEvents = YES;
				INFOPLIST_KEY_UILaunchScreen_Generation = YES;
				INFOPLIST_KEY_UISupportedInterfaceOrientations_iPad = "UIInterfaceOrientationPortrait UIInterfaceOrientationPortraitUpsideDown UIInterfaceOrientationLandscapeLeft UIInterfaceOrientationLandscapeRight";
				INFOPLIST_KEY_UISupportedInterfaceOrientations_iPhone = "UIInterfaceOrientationPortrait UIInterfaceOrientationLandscapeLeft UIInterfaceOrientationLandscapeRight";
				LD_RUNPATH_SEARCH_PATHS = (
					"$(inherited)",
					"@executable_path/Frameworks",
				);
				MARKETING_VERSION = 1.0;
				PRODUCT_BUNDLE_IDENTIFIER = com.erenelci.CryptoLiveDataSwiftUI;
				PRODUCT_NAME = "$(TARGET_NAME)";
				SWIFT_EMIT_LOC_STRINGS = YES;
				SWIFT_VERSION = 5.0;
				TARGETED_DEVICE_FAMILY = "1,2";
			};
			name = Debug;
		};
		26491CB32CD5959E0042D763 /* Release */ = {
			isa = XCBuildConfiguration;
			buildSettings = {
				ASSETCATALOG_COMPILER_APPICON_NAME = AppIcon;
				ASSETCATALOG_COMPILER_GLOBAL_ACCENT_COLOR_NAME = AccentColor;
				CODE_SIGN_STYLE = Automatic;
				CURRENT_PROJECT_VERSION = 1;
				DEVELOPMENT_ASSET_PATHS = "\"CryptoLiveDataSwiftUI/Preview Content\"";
				DEVELOPMENT_TEAM = 5SALT5UTL2;
				ENABLE_PREVIEWS = YES;
				GENERATE_INFOPLIST_FILE = YES;
				INFOPLIST_KEY_UIApplicationSceneManifest_Generation = YES;
				INFOPLIST_KEY_UIApplicationSupportsIndirectInputEvents = YES;
				INFOPLIST_KEY_UILaunchScreen_Generation = YES;
				INFOPLIST_KEY_UISupportedInterfaceOrientations_iPad = "UIInterfaceOrientationPortrait UIInterfaceOrientationPortraitUpsideDown UIInterfaceOrientationLandscapeLeft UIInterfaceOrientationLandscapeRight";
				INFOPLIST_KEY_UISupportedInterfaceOrientations_iPhone = "UIInterfaceOrientationPortrait UIInterfaceOrientationLandscapeLeft UIInterfaceOrientationLandscapeRight";
				LD_RUNPATH_SEARCH_PATHS = (
					"$(inherited)",
					"@executable_path/Frameworks",
				);
				MARKETING_VERSION = 1.0;
				PRODUCT_BUNDLE_IDENTIFIER = com.erenelci.CryptoLiveDataSwiftUI;
				PRODUCT_NAME = "$(TARGET_NAME)";
				SWIFT_EMIT_LOC_STRINGS = YES;
				SWIFT_VERSION = 5.0;
				TARGETED_DEVICE_FAMILY = "1,2";
			};
			name = Release;
		};
/* End XCBuildConfiguration section */

/* Begin XCConfigurationList section */
		26491C9E2CD5959D0042D763 /* Build configuration list for PBXProject "CryptoLiveDataSwiftUI" */ = {
			isa = XCConfigurationList;
			buildConfigurations = (
				26491CAF2CD5959E0042D763 /* Debug */,
				26491CB02CD5959E0042D763 /* Release */,
			);
			defaultConfigurationIsVisible = 0;
			defaultConfigurationName = Release;
		};
		26491CB12CD5959E0042D763 /* Build configuration list for PBXNativeTarget "CryptoLiveDataSwiftUI" */ = {
			isa = XCConfigurationList;
			buildConfigurations = (
				26491CB22CD5959E0042D763 /* Debug */,
				26491CB32CD5959E0042D763 /* Release */,
			);
			defaultConfigurationIsVisible = 0;
			defaultConfigurationName = Release;
		};
/* End XCConfigurationList section */
	};
	rootObject = 26491C9B2CD5959D0042D763 /* Project object */;
}
